<?xml version="1.0" encoding="utf-8"?>
<Project ToolsVersion="4.0" xmlns="http://schemas.microsoft.com/developer/msbuild/2003">
  <ItemGroup>
    <Filter Include="Quelldateien">
      <UniqueIdentifier>{4FC737F1-C7A5-4376-A066-2A32D752A2FF}</UniqueIdentifier>
      <Extensions>cpp;c;cc;cxx;c++;def;odl;idl;hpj;bat;asm;asmx</Extensions>
    </Filter>
    <Filter Include="Headerdateien">
      <UniqueIdentifier>{93995380-89BD-4b04-88EB-625FBE52EBFB}</UniqueIdentifier>
      <Extensions>h;hh;hpp;hxx;h++;hm;inl;inc;ipp;xsd</Extensions>
    </Filter>
    <Filter Include="Ressourcendateien">
      <UniqueIdentifier>{67DA6AB6-F800-4c08-8B7A-83BB121AAD01}</UniqueIdentifier>
      <Extensions>rc;ico;cur;bmp;dlg;rc2;rct;bin;rgs;gif;jpg;jpeg;jpe;resx;tiff;tif;png;wav;mfcribbon-ms</Extensions>
    </Filter>
    <Filter Include="renderer">
      <UniqueIdentifier>{5d293270-1fde-4d04-9b6f-c56d338969d8}</UniqueIdentifier>
    </Filter>
    <Filter Include="imgui">
      <UniqueIdentifier>{5707cdf9-7ce9-4daf-807a-a31d135aa2b6}</UniqueIdentifier>
    </Filter>
    <Filter Include="features">
      <UniqueIdentifier>{fd89b327-ea90-487f-9c58-00d7d30bd058}</UniqueIdentifier>
    </Filter>
    <Filter Include="native">
      <UniqueIdentifier>{84fd26c0-e490-453a-b935-dc991caf30ec}</UniqueIdentifier>
    </Filter>
  </ItemGroup>
  <ItemGroup>
    <ClInclude Include="imports.h">
      <Filter>Headerdateien</Filter>
    </ClInclude>
    <ClInclude Include="pointers.hpp">
      <Filter>Headerdateien</Filter>
    </ClInclude>
    <ClInclude Include="structs.h">
      <Filter>Headerdateien</Filter>
    </ClInclude>
    <ClInclude Include="..\includes\renderer\Renderer.h">
      <Filter>renderer</Filter>
    </ClInclude>
    <ClInclude Include="..\includes\imgui\imconfig.h">
      <Filter>imgui</Filter>
    </ClInclude>
    <ClInclude Include="..\includes\imgui\imgui.h">
      <Filter>imgui</Filter>
    </ClInclude>
    <ClInclude Include="..\includes\imgui\imgui_impl_dx11.h">
      <Filter>imgui</Filter>
    </ClInclude>
    <ClInclude Include="..\includes\imgui\imgui_impl_win32.h">
      <Filter>imgui</Filter>
    </ClInclude>
    <ClInclude Include="..\includes\imgui\imgui_internal.h">
      <Filter>imgui</Filter>
    </ClInclude>
    <ClInclude Include="..\includes\imgui\imstb_rectpack.h">
      <Filter>imgui</Filter>
    </ClInclude>
    <ClInclude Include="..\includes\imgui\imstb_textedit.h">
      <Filter>imgui</Filter>
    </ClInclude>
    <ClInclude Include="..\includes\imgui\imstb_truetype.h">
      <Filter>imgui</Filter>
    </ClInclude>
    <ClInclude Include="hooks.hpp">
      <Filter>Quelldateien</Filter>
    </ClInclude>
    <ClInclude Include="config.hpp">
      <Filter>Quelldateien</Filter>
    </ClInclude>
    <ClInclude Include="game.hpp">
      <Filter>Quelldateien</Filter>
    </ClInclude>
    <ClInclude Include="useful.h">
      <Filter>Headerdateien</Filter>
    </ClInclude>
    <ClInclude Include="secure.hpp">
      <Filter>Headerdateien</Filter>
    </ClInclude>
    <ClInclude Include="xor.h">
      <Filter>Headerdateien</Filter>
    </ClInclude>
    <ClInclude Include="functions.h">
      <Filter>Headerdateien</Filter>
    </ClInclude>
    <ClInclude Include="fiber.hpp">
      <Filter>native</Filter>
    </ClInclude>
    <ClInclude Include="tick.hpp">
      <Filter>native</Filter>
    </ClInclude>
    <ClInclude Include="database.hpp">
      <Filter>native</Filter>
    </ClInclude>
    <ClInclude Include="maps.hpp">
      <Filter>native</Filter>
    </ClInclude>
    <ClInclude Include="image.h">
      <Filter>Headerdateien</Filter>
    </ClInclude>
    <ClInclude Include="ui_extend.hpp">
      <Filter>Headerdateien</Filter>
    </ClInclude>
    <ClInclude Include="features\aimbot.hpp">
      <Filter>features</Filter>
    </ClInclude>
    <ClInclude Include="features\esp.hpp">
      <Filter>features</Filter>
    </ClInclude>
    <ClInclude Include="features\hacks.hpp">
      <Filter>features</Filter>
    </ClInclude>
    <ClInclude Include="features\ui.hpp">
      <Filter>features</Filter>
    </ClInclude>
  </ItemGroup>
  <ItemGroup>
    <ClCompile Include="dllmain.cpp">
      <Filter>Quelldateien</Filter>
    </ClCompile>
    <ClCompile Include="..\includes\renderer\Renderer.cpp">
      <Filter>renderer</Filter>
    </ClCompile>
    <ClCompile Include="..\includes\imgui\imgui.cpp">
      <Filter>imgui</Filter>
    </ClCompile>
    <ClCompile Include="..\includes\imgui\imgui_demo.cpp">
      <Filter>imgui</Filter>
    </ClCompile>
    <ClCompile Include="..\includes\imgui\imgui_draw.cpp">
      <Filter>imgui</Filter>
    </ClCompile>
    <ClCompile Include="..\includes\imgui\imgui_impl_dx11.cpp">
      <Filter>imgui</Filter>
    </ClCompile>
    <ClCompile Include="..\includes\imgui\imgui_impl_win32.cpp">
      <Filter>imgui</Filter>
    </ClCompile>
    <ClCompile Include="..\includes\imgui\imgui_widgets.cpp">
      <Filter>imgui</Filter>
    </ClCompile>
  </ItemGroup>
  <ItemGroup>
    <None Include="packages.config" />
  </ItemGroup>
</Project>